{
  "requires": true,
  "lockfileVersion": 1,
  "dependencies": {
    "docusaurus-plugin-google-adsense": {
      "version": "0.1.0",
      "resolved": "https://registry.npmjs.org/docusaurus-plugin-google-adsense/-/docusaurus-plugin-google-adsense-0.1.0.tgz",
      "integrity": "sha512-VhsXWrTP8sbGHjJAJkV5sDGCkGBYzVYcTehZqDERARY49g2tG3VgUhchzrBonL7mSPg4jEd5hVGHEiQQQquffg=="
    }
  }
}
